// !$*UTF8*$!
{
	archiveVersion = 1;
	classes = {
	};
	objectVersion = 50;
	objects = {

/* Begin PBXBuildFile section */
		FB68878C24DFDF4900CF1424 /* AppDelegate.swift in Sources */ = {isa = PBXBuildFile; fileRef = FB68878B24DFDF4900CF1424 /* AppDelegate.swift */; };
		FB68878E24DFDF4900CF1424 /* SceneDelegate.swift in Sources */ = {isa = PBXBuildFile; fileRef = FB68878D24DFDF4900CF1424 /* SceneDelegate.swift */; };
		FB68879024DFDF4900CF1424 /* ViewController.swift in Sources */ = {isa = PBXBuildFile; fileRef = FB68878F24DFDF4900CF1424 /* ViewController.swift */; };
		FB68879324DFDF4900CF1424 /* Main.storyboard in Resources */ = {isa = PBXBuildFile; fileRef = FB68879124DFDF4900CF1424 /* Main.storyboard */; };
		FB68879524DFDF4B00CF1424 /* Assets.xcassets in Resources */ = {isa = PBXBuildFile; fileRef = FB68879424DFDF4B00CF1424 /* Assets.xcassets */; };
		FB68879824DFDF4B00CF1424 /* LaunchScreen.storyboard in Resources */ = {isa = PBXBuildFile; fileRef = FB68879624DFDF4B00CF1424 /* LaunchScreen.storyboard */; };
/* End PBXBuildFile section */

/* Begin PBXFileReference section */
		FB68878824DFDF4900CF1424 /* SampleRxDataSorce.app */ = {isa = PBXFileReference; explicitFileType = wrapper.application; includeInIndex = 0; path = SampleRxDataSorce.app; sourceTree = BUILT_PRODUCTS_DIR; };
		FB68878B24DFDF4900CF1424 /* AppDelegate.swift */ = {isa = PBXFileReference; lastKnownFileType = sourcecode.swift; path = AppDelegate.swift; sourceTree = "<group>"; };
		FB68878D24DFDF4900CF1424 /* SceneDelegate.swift */ = {isa = PBXFileReference; lastKnownFileType = sourcecode.swift; path = SceneDelegate.swift; sourceTree = "<group>"; };
		FB68878F24DFDF4900CF1424 /* ViewController.swift */ = {isa = PBXFileReference; lastKnownFileType = sourcecode.swift; path = ViewController.swift; sourceTree = "<group>"; };
		FB68879224DFDF4900CF1424 /* Base */ = {isa = PBXFileReference; lastKnownFileType = file.storyboard; name = Base; path = Base.lproj/Main.storyboard; sourceTree = "<group>"; };
		FB68879424DFDF4B00CF1424 /* Assets.xcassets */ = {isa = PBXFileReference; lastKnownFileType = folder.assetcatalog; path = Assets.xcassets; sourceTree = "<group>"; };
		FB68879724DFDF4B00CF1424 /* Base */ = {isa = PBXFileReference; lastKnownFileType = file.storyboard; name = Base; path = Base.lproj/LaunchScreen.storyboard; sourceTree = "<group>"; };
		FB68879924DFDF4B00CF1424 /* Info.plist */ = {isa = PBXFileReference; lastKnownFileType = text.plist.xml; path = Info.plist; sourceTree = "<group>"; };
/* End PBXFileReference section */

/* Begin PBXFrameworksBuildPhase section */
		FB68878524DFDF4900CF1424 /* Frameworks */ = {
			isa = PBXFrameworksBuildPhase;
			buildActionMask = 2147483647;
			files = (
			);
			runOnlyForDeploymentPostprocessing = 0;
		};
/* End PBXFrameworksBuildPhase section */

/* Begin PBXGroup section */
		FB68877F24DFDF4900CF1424 = {
			isa = PBXGroup;
			children = (
				FB68878A24DFDF4900CF1424 /* SampleRxDataSorce */,
				FB68878924DFDF4900CF1424 /* Products */,
			);
			sourceTree = "<group>";
		};
		FB68878924DFDF4900CF1424 /* Products */ = {
			isa = PBXGroup;
			children = (
				FB68878824DFDF4900CF1424 /* SampleRxDataSorce.app */,
			);
			name = Products;
			sourceTree = "<group>";
		};
		FB68878A24DFDF4900CF1424 /* SampleRxDataSorce */ = {
			isa = PBXGroup;
			children = (
				FB68878B24DFDF4900CF1424 /* AppDelegate.swift */,
				FB68878D24DFDF4900CF1424 /* SceneDelegate.swift */,
				FB68878F24DFDF4900CF1424 /* ViewController.swift */,
				FB68879124DFDF4900CF1424 /* Main.storyboard */,
				FB68879424DFDF4B00CF1424 /* Assets.xcassets */,
				FB68879624DFDF4B00CF1424 /* LaunchScreen.storyboard */,
				FB68879924DFDF4B00CF1424 /* Info.plist */,
			);
			path = SampleRxDataSorce;
			sourceTree = "<group>";
		};
/* End PBXGroup section */

/* Begin PBXNativeTarget section */
		FB68878724DFDF4900CF1424 /* SampleRxDataSorce */ = {
			isa = PBXNativeTarget;
			buildConfigurationList = FB68879C24DFDF4B00CF1424 /* Build configuration list for PBXNativeTarget "SampleRxDataSorce" */;
			buildPhases = (
				FB68878424DFDF4900CF1424 /* Sources */,
				FB68878524DFDF4900CF1424 /* Frameworks */,
				FB68878624DFDF4900CF1424 /* Resources */,
			);
			buildRules = (
			);
			dependencies = (
			);
			name = SampleRxDataSorce;
			productName = SampleRxDataSorce;
			productReference = FB68878824DFDF4900CF1424 /* SampleRxDataSorce.app */;
			productType = "com.apple.product-type.application";
		};
/* End PBXNativeTarget section */

/* Begin PBXProject section */
		FB68878024DFDF4900CF1424 /* Project object */ = {
			isa = PBXProject;
			attributes = {
				LastSwiftUpdateCheck = 1150;
				LastUpgradeCheck = 1150;
				ORGANIZATIONNAME = "Jun Morita";
				TargetAttributes = {
					FB68878724DFDF4900CF1424 = {
						CreatedOnToolsVersion = 11.5;
					};
				};
			};
			buildConfigurationList = FB68878324DFDF4900CF1424 /* Build configuration list for PBXProject "SampleRxDataSorce" */;
			compatibilityVersion = "Xcode 9.3";
			developmentRegion = en;
			hasScannedForEncodings = 0;
			knownRegions = (
				en,
				Base,
			);
			mainGroup = FB68877F24DFDF4900CF1424;
			productRefGroup = FB68878924DFDF4900CF1424 /* Products */;
			projectDirPath = "";
			projectRoot = "";
			targets = (
				FB68878724DFDF4900CF1424 /* SampleRxDataSorce */,
			);
		};
/* End PBXProject section */

/* Begin PBXResourcesBuildPhase section */
		FB68878624DFDF4900CF1424 /* Resources */ = {
			isa = PBXResourcesBuildPhase;
			buildActionMask = 2147483647;
			files = (
				FB68879824DFDF4B00CF1424 /* LaunchScreen.storyboard in Resources */,
				FB68879524DFDF4B00CF1424 /* Assets.xcassets in Resources */,
				FB68879324DFDF4900CF1424 /* Main.storyboard in Resources */,
			);
			runOnlyForDeploymentPostprocessing = 0;
		};
/* End PBXResourcesBuildPhase section */

/* Begin PBXSourcesBuildPhase section */
		FB68878424DFDF4900CF1424 /* Sources */ = {
			isa = PBXSourcesBuildPhase;
			buildActionMask = 2147483647;
			files = (
				FB68879024DFDF4900CF1424 /* ViewController.swift in Sources */,
				FB68878C24DFDF4900CF1424 /* AppDelegate.swift in Sources */,
				FB68878E24DFDF4900CF1424 /* SceneDelegate.swift in Sources */,
			);
			runOnlyForDeploymentPostprocessing = 0;
		};
/* End PBXSourcesBuildPhase section */

/* Begin PBXVariantGroup section */
		FB68879124DFDF4900CF1424 /* Main.storyboard */ = {
			isa = PBXVariantGroup;
			children = (
				FB68879224DFDF4900CF1424 /* Base */,
			);
			name = Main.storyboard;
			sourceTree = "<group>";
		};
		FB68879624DFDF4B00CF1424 /* LaunchScreen.storyboard */ = {
			isa = PBXVariantGroup;
			children = (
				FB68879724DFDF4B00CF1424 /* Base */,
			);
			name = LaunchScreen.storyboard;
			sourceTree = "<group>";
		};
/* End PBXVariantGroup section */

/* Begin XCBuildConfiguration section */
		FB68879A24DFDF4B00CF1424 /* Debug */ = {
			isa = XCBuildConfiguration;
			buildSettings = {
				ALWAYS_SEARCH_USER_PATHS = NO;
				CLANG_ANALYZER_NONNULL = YES;
				CLANG_ANALYZER_NUMBER_OBJECT_CONVERSION = YES_AGGRESSIVE;
				CLANG_CXX_LANGUAGE_STANDARD = "gnu++14";
				CLANG_CXX_LIBRARY = "libc++";
				CLANG_ENABLE_MODULES = YES;
				CLANG_ENABLE_OBJC_ARC = YES;
				CLANG_ENABLE_OBJC_WEAK = YES;
				CLANG_WARN_BLOCK_CAPTURE_AUTORELEASING = YES;
				CLANG_WARN_BOOL_CONVERSION = YES;
				CLANG_WARN_COMMA = YES;
				CLANG_WARN_CONSTANT_CONVERSION = YES;
				CLANG_WARN_DEPRECATED_OBJC_IMPLEMENTATIONS = YES;
				CLANG_WARN_DIRECT_OBJC_ISA_USAGE = YES_ERROR;
				CLANG_WARN_DOCUMENTATION_COMMENTS = YES;
				CLANG_WARN_EMPTY_BODY = YES;
				CLANG_WARN_ENUM_CONVERSION = YES;
				CLANG_WARN_INFINITE_RECURSION = YES;
				CLANG_WARN_INT_CONVERSION = YES;
				CLANG_WARN_NON_LITERAL_NULL_CONVERSION = YES;
				CLANG_WARN_OBJC_IMPLICIT_RETAIN_SELF = YES;
				CLANG_WARN_OBJC_LITERAL_CONVERSION = YES;
				CLANG_WARN_OBJC_ROOT_CLASS = YES_ERROR;
				CLANG_WARN_RANGE_LOOP_ANALYSIS = YES;
				CLANG_WARN_STRICT_PROTOTYPES = YES;
				CLANG_WARN_SUSPICIOUS_MOVE = YES;
				CLANG_WARN_UNGUARDED_AVAILABILITY = YES_AGGRESSIVE;
				CLANG_WARN_UNREACHABLE_CODE = YES;
				CLANG_WARN__DUPLICATE_METHOD_MATCH = YES;
				COPY_PHASE_STRIP = NO;
				DEBUG_INFORMATION_FORMAT = dwarf;
				ENABLE_STRICT_OBJC_MSGSEND = YES;
				ENABLE_TESTABILITY = YES;
				GCC_C_LANGUAGE_STANDARD = gnu11;
				GCC_DYNAMIC_NO_PIC = NO;
				GCC_NO_COMMON_BLOCKS = YES;
				GCC_OPTIMIZATION_LEVEL = 0;
				GCC_PREPROCESSOR_DEFINITIONS = (
					"DEBUG=1",
					"$(inherited)",
				);
				GCC_WARN_64_TO_32_BIT_CONVERSION = YES;
				GCC_WARN_ABOUT_RETURN_TYPE = YES_ERROR;
				GCC_WARN_UNDECLARED_SELECTOR = YES;
				GCC_WARN_UNINITIALIZED_AUTOS = YES_AGGRESSIVE;
				GCC_WARN_UNUSED_FUNCTION = YES;
				GCC_WARN_UNUSED_VARIABLE = YES;
				IPHONEOS_DEPLOYMENT_TARGET = 13.5;
				MTL_ENABLE_DEBUG_INFO = INCLUDE_SOURCE;
				MTL_FAST_MATH = YES;
				ONLY_ACTIVE_ARCH = YES;
				SDKROOT = iphoneos;
				SWIFT_ACTIVE_COMPILATION_CONDITIONS = DEBUG;
				SWIFT_OPTIMIZATION_LEVEL = "-Onone";
			};
			name = Debug;
		};
		FB68879B24DFDF4B00CF1424 /* Release */ = {
			isa = XCBuildConfiguration;
			buildSettings = {
				ALWAYS_SEARCH_USER_PATHS = NO;
				CLANG_ANALYZER_NONNULL = YES;
				CLANG_ANALYZER_NUMBER_OBJECT_CONVERSION = YES_AGGRESSIVE;
				CLANG_CXX_LANGUAGE_STANDARD = "gnu++14";
				CLANG_CXX_LIBRARY = "libc++";
				CLANG_ENABLE_MODULES = YES;
				CLANG_ENABLE_OBJC_ARC = YES;
				CLANG_ENABLE_OBJC_WEAK = YES;
				CLANG_WARN_BLOCK_CAPTURE_AUTORELEASING = YES;
				CLANG_WARN_BOOL_CONVERSION = YES;
				CLANG_WARN_COMMA = YES;
				CLANG_WARN_CONSTANT_CONVERSION = YES;
				CLANG_WARN_DEPRECATED_OBJC_IMPLEMENTATIONS = YES;
				CLANG_WARN_DIRECT_OBJC_ISA_USAGE = YES_ERROR;
				CLANG_WARN_DOCUMENTATION_COMMENTS = YES;
				CLANG_WARN_EMPTY_BODY = YES;
				CLANG_WARN_ENUM_CONVERSION = YES;
				CLANG_WARN_INFINITE_RECURSION = YES;
				CLANG_WARN_INT_CONVERSION = YES;
				CLANG_WARN_NON_LITERAL_NULL_CONVERSION = YES;
				CLANG_WARN_OBJC_IMPLICIT_RETAIN_SELF = YES;
				CLANG_WARN_OBJC_LITERAL_CONVERSION = YES;
				CLANG_WARN_OBJC_ROOT_CLASS = YES_ERROR;
				CLANG_WARN_RANGE_LOOP_ANALYSIS = YES;
				CLANG_WARN_STRICT_PROTOTYPES = YES;
				CLANG_WARN_SUSPICIOUS_MOVE = YES;
				CLANG_WARN_UNGUARDED_AVAILABILITY = YES_AGGRESSIVE;
				CLANG_WARN_UNREACHABLE_CODE = YES;
				CLANG_WARN__DUPLICATE_METHOD_MATCH = YES;
				COPY_PHASE_STRIP = NO;
				DEBUG_INFORMATION_FORMAT = "dwarf-with-dsym";
				ENABLE_NS_ASSERTIONS = NO;
				ENABLE_STRICT_OBJC_MSGSEND = YES;
				GCC_C_LANGUAGE_STANDARD = gnu11;
				GCC_NO_COMMON_BLOCKS = YES;
				GCC_WARN_64_TO_32_BIT_CONVERSION = YES;
				GCC_WARN_ABOUT_RETURN_TYPE = YES_ERROR;
				GCC_WARN_UNDECLARED_SELECTOR = YES;
				GCC_WARN_UNINITIALIZED_AUTOS = YES_AGGRESSIVE;
				GCC_WARN_UNUSED_FUNCTION = YES;
				GCC_WARN_UNUSED_VARIABLE = YES;
				IPHONEOS_DEPLOYMENT_TARGET = 13.5;
				MTL_ENABLE_DEBUG_INFO = NO;
				MTL_FAST_MATH = YES;
				SDKROOT = iphoneos;
				SWIFT_COMPILATION_MODE = wholemodule;
				SWIFT_OPTIMIZATION_LEVEL = "-O";
				VALIDATE_PRODUCT = YES;
			};
			name = Release;
		};
		FB68879D24DFDF4B00CF1424 /* Debug */ = {
			isa = XCBuildConfiguration;
			buildSettings = {
				ASSETCATALOG_COMPILER_APPICON_NAME = AppIcon;
				CODE_SIGN_STYLE = Automatic;
				INFOPLIST_FILE = SampleRxDataSorce/Info.plist;
				LD_RUNPATH_SEARCH_PATHS = (
					"$(inherited)",
					"@executable_path/Frameworks",
				);
				PRODUCT_BUNDLE_IDENTIFIER = kamui.project.SampleRxDataSorce;
				PRODUCT_NAME = "$(TARGET_NAME)";
				SWIFT_VERSION = 5.0;
				TARGETED_DEVICE_FAMILY = "1,2";
			};
			name = Debug;
		};
		FB68879E24DFDF4B00CF1424 /* Release */ = {
			isa = XCBuildConfiguration;
			buildSettings = {
				ASSETCATALOG_COMPILER_APPICON_NAME = AppIcon;
				CODE_SIGN_STYLE = Automatic;
				INFOPLIST_FILE = SampleRxDataSorce/Info.plist;
				LD_RUNPATH_SEARCH_PATHS = (
					"$(inherited)",
					"@executable_path/Frameworks",
				);
				PRODUCT_BUNDLE_IDENTIFIER = kamui.project.SampleRxDataSorce;
				PRODUCT_NAME = "$(TARGET_NAME)";
				SWIFT_VERSION = 5.0;
				TARGETED_DEVICE_FAMILY = "1,2";
			};
			name = Release;
		};
/* End XCBuildConfiguration section */

/* Begin XCConfigurationList section */
		FB68878324DFDF4900CF1424 /* Build configuration list for PBXProject "SampleRxDataSorce" */ = {
			isa = XCConfigurationList;
			buildConfigurations = (
				FB68879A24DFDF4B00CF1424 /* Debug */,
				FB68879B24DFDF4B00CF1424 /* Release */,
			);
			defaultConfigurationIsVisible = 0;
			defaultConfigurationName = Release;
		};
		FB68879C24DFDF4B00CF1424 /* Build configuration list for PBXNativeTarget "SampleRxDataSorce" */ = {
			isa = XCConfigurationList;
			buildConfigurations = (
				FB68879D24DFDF4B00CF1424 /* Debug */,
				FB68879E24DFDF4B00CF1424 /* Release */,
			);
			defaultConfigurationIsVisible = 0;
			defaultConfigurationName = Release;
		};
/* End XCConfigurationList section */
	};
	rootObject = FB68878024DFDF4900CF1424 /* Project object */;
}
